
Microsoft Visual Studio Solution File, Format Version 12.00
# Visual Studio Version 16
VisualStudioVersion = 16.0.29728.190
MinimumVisualStudioVersion = 10.0.40219.1
Project("{FAE04EC0-301F-11D3-BF4B-00C04F79EFBC}") = "ChatApp.Android", "ChatApp\ChatApp.Android\ChatApp.Android.csproj", "{2566176B-348A-4B83-83DE-BBC6DA83A931}"
EndProject
Project("{FAE04EC0-301F-11D3-BF4B-00C04F79EFBC}") = "ChatApp.iOS", "ChatApp\ChatApp.iOS\ChatApp.iOS.csproj", "{32C71FF4-D002-49DE-BB02-1DE84D35AD13}"
EndProject
Project("{FAE04EC0-301F-11D3-BF4B-00C04F79EFBC}") = "ChatApp", "ChatApp\ChatApp\ChatApp.csproj", "{F98BFD7A-8346-487C-B287-694F25D09090}"
EndProject
Global
	GlobalSection(SolutionConfigurationPlatforms) = preSolution
		Debug|Any CPU = Debug|Any CPU
		Debug|iPhone = Debug|iPhone
		Debug|iPhoneSimulator = Debug|iPhoneSimulator
		Release|Any CPU = Release|Any CPU
		Release|iPhone = Release|iPhone
		Release|iPhoneSimulator = Release|iPhoneSimulator
	EndGlobalSection
	GlobalSection(ProjectConfigurationPlatforms) = postSolution
		{2566176B-348A-4B83-83DE-BBC6DA83A931}.Debug|Any CPU.ActiveCfg = Debug|Any CPU
		{2566176B-348A-4B83-83DE-BBC6DA83A931}.Debug|Any CPU.Build.0 = Debug|Any CPU
		{2566176B-348A-4B83-83DE-BBC6DA83A931}.Debug|Any CPU.Deploy.0 = Debug|Any CPU
		{2566176B-348A-4B83-83DE-BBC6DA83A931}.Debug|iPhone.ActiveCfg = Debug|Any CPU
		{2566176B-348A-4B83-83DE-BBC6DA83A931}.Debug|iPhone.Build.0 = Debug|Any CPU
		{2566176B-348A-4B83-83DE-BBC6DA83A931}.Debug|iPhone.Deploy.0 = Debug|Any CPU
		{2566176B-348A-4B83-83DE-BBC6DA83A931}.Debug|iPhoneSimulator.ActiveCfg = Debug|Any CPU
		{2566176B-348A-4B83-83DE-BBC6DA83A931}.Debug|iPhoneSimulator.Build.0 = Debug|Any CPU
		{2566176B-348A-4B83-83DE-BBC6DA83A931}.Debug|iPhoneSimulator.Deploy.0 = Debug|Any CPU
		{2566176B-348A-4B83-83DE-BBC6DA83A931}.Release|Any CPU.ActiveCfg = Release|Any CPU
		{2566176B-348A-4B83-83DE-BBC6DA83A931}.Release|Any CPU.Build.0 = Release|Any CPU
		{2566176B-348A-4B83-83DE-BBC6DA83A931}.Release|Any CPU.Deploy.0 = Release|Any CPU
		{2566176B-348A-4B83-83DE-BBC6DA83A931}.Release|iPhone.ActiveCfg = Release|Any CPU
		{2566176B-348A-4B83-83DE-BBC6DA83A931}.Release|iPhone.Build.0 = Release|Any CPU
		{2566176B-348A-4B83-83DE-BBC6DA83A931}.Release|iPhone.Deploy.0 = Release|Any CPU
		{2566176B-348A-4B83-83DE-BBC6DA83A931}.Release|iPhoneSimulator.ActiveCfg = Release|Any CPU
		{2566176B-348A-4B83-83DE-BBC6DA83A931}.Release|iPhoneSimulator.Build.0 = Release|Any CPU
		{2566176B-348A-4B83-83DE-BBC6DA83A931}.Release|iPhoneSimulator.Deploy.0 = Release|Any CPU
		{32C71FF4-D002-49DE-BB02-1DE84D35AD13}.Debug|Any CPU.ActiveCfg = Debug|iPhoneSimulator
		{32C71FF4-D002-49DE-BB02-1DE84D35AD13}.Debug|Any CPU.Build.0 = Debug|iPhoneSimulator
		{32C71FF4-D002-49DE-BB02-1DE84D35AD13}.Debug|Any CPU.Deploy.0 = Debug|iPhoneSimulator
		{32C71FF4-D002-49DE-BB02-1DE84D35AD13}.Debug|iPhone.ActiveCfg = Debug|iPhone
		{32C71FF4-D002-49DE-BB02-1DE84D35AD13}.Debug|iPhone.Build.0 = Debug|iPhone
		{32C71FF4-D002-49DE-BB02-1DE84D35AD13}.Debug|iPhone.Deploy.0 = Debug|iPhone
		{32C71FF4-D002-49DE-BB02-1DE84D35AD13}.Debug|iPhoneSimulator.ActiveCfg = Debug|iPhoneSimulator
		{32C71FF4-D002-49DE-BB02-1DE84D35AD13}.Debug|iPhoneSimulator.Build.0 = Debug|iPhoneSimulator
		{32C71FF4-D002-49DE-BB02-1DE84D35AD13}.Debug|iPhoneSimulator.Deploy.0 = Debug|iPhoneSimulator
		{32C71FF4-D002-49DE-BB02-1DE84D35AD13}.Release|Any CPU.ActiveCfg = Release|iPhone
		{32C71FF4-D002-49DE-BB02-1DE84D35AD13}.Release|Any CPU.Build.0 = Release|iPhone
		{32C71FF4-D002-49DE-BB02-1DE84D35AD13}.Release|Any CPU.Deploy.0 = Release|iPhone
		{32C71FF4-D002-49DE-BB02-1DE84D35AD13}.Release|iPhone.ActiveCfg = Release|iPhone
		{32C71FF4-D002-49DE-BB02-1DE84D35AD13}.Release|iPhone.Build.0 = Release|iPhone
		{32C71FF4-D002-49DE-BB02-1DE84D35AD13}.Release|iPhone.Deploy.0 = Release|iPhone
		{32C71FF4-D002-49DE-BB02-1DE84D35AD13}.Release|iPhoneSimulator.ActiveCfg = Release|iPhoneSimulator
		{32C71FF4-D002-49DE-BB02-1DE84D35AD13}.Release|iPhoneSimulator.Build.0 = Release|iPhoneSimulator
		{32C71FF4-D002-49DE-BB02-1DE84D35AD13}.Release|iPhoneSimulator.Deploy.0 = Release|iPhoneSimulator
		{F98BFD7A-8346-487C-B287-694F25D09090}.Debug|Any CPU.ActiveCfg = Debug|Any CPU
		{F98BFD7A-8346-487C-B287-694F25D09090}.Debug|Any CPU.Build.0 = Debug|Any CPU
		{F98BFD7A-8346-487C-B287-694F25D09090}.Debug|Any CPU.Deploy.0 = Debug|Any CPU
		{F98BFD7A-8346-487C-B287-694F25D09090}.Debug|iPhone.ActiveCfg = Debug|Any CPU
		{F98BFD7A-8346-487C-B287-694F25D09090}.Debug|iPhone.Build.0 = Debug|Any CPU
		{F98BFD7A-8346-487C-B287-694F25D09090}.Debug|iPhone.Deploy.0 = Debug|Any CPU
		{F98BFD7A-8346-487C-B287-694F25D09090}.Debug|iPhoneSimulator.ActiveCfg = Debug|Any CPU
		{F98BFD7A-8346-487C-B287-694F25D09090}.Debug|iPhoneSimulator.Build.0 = Debug|Any CPU
		{F98BFD7A-8346-487C-B287-694F25D09090}.Debug|iPhoneSimulator.Deploy.0 = Debug|Any CPU
		{F98BFD7A-8346-487C-B287-694F25D09090}.Release|Any CPU.ActiveCfg = Release|Any CPU
		{F98BFD7A-8346-487C-B287-694F25D09090}.Release|Any CPU.Build.0 = Release|Any CPU
		{F98BFD7A-8346-487C-B287-694F25D09090}.Release|Any CPU.Deploy.0 = Release|Any CPU
		{F98BFD7A-8346-487C-B287-694F25D09090}.Release|iPhone.ActiveCfg = Release|Any CPU
		{F98BFD7A-8346-487C-B287-694F25D09090}.Release|iPhone.Build.0 = Release|Any CPU
		{F98BFD7A-8346-487C-B287-694F25D09090}.Release|iPhone.Deploy.0 = Release|Any CPU
		{F98BFD7A-8346-487C-B287-694F25D09090}.Release|iPhoneSimulator.ActiveCfg = Release|Any CPU
		{F98BFD7A-8346-487C-B287-694F25D09090}.Release|iPhoneSimulator.Build.0 = Release|Any CPU
		{F98BFD7A-8346-487C-B287-694F25D09090}.Release|iPhoneSimulator.Deploy.0 = Release|Any CPU
	EndGlobalSection
	GlobalSection(SolutionProperties) = preSolution
		HideSolutionNode = FALSE
	EndGlobalSection
	GlobalSection(ExtensibilityGlobals) = postSolution
		SolutionGuid = {EFFAD4DC-0B7F-441C-BC1F-6EBF0BE0E867}
	EndGlobalSection
EndGlobal
